// !$*UTF8*$!
{
	archiveVersion = 1;
	classes = {
	};
	objectVersion = 46;
	objects = {

/* Begin PBXBuildFile section */
		160440E91BB769D000CC7851 /* AppDelegate.swift in Sources */ = {isa = PBXBuildFile; fileRef = 160440E81BB769D000CC7851 /* AppDelegate.swift */; };
		160440EB1BB769D000CC7851 /* ViewController.swift in Sources */ = {isa = PBXBuildFile; fileRef = 160440EA1BB769D000CC7851 /* ViewController.swift */; };
		160440EE1BB769D000CC7851 /* Main.storyboard in Resources */ = {isa = PBXBuildFile; fileRef = 160440EC1BB769D000CC7851 /* Main.storyboard */; };
		160440F01BB769D000CC7851 /* Assets.xcassets in Resources */ = {isa = PBXBuildFile; fileRef = 160440EF1BB769D000CC7851 /* Assets.xcassets */; };
		160440F31BB769D000CC7851 /* LaunchScreen.storyboard in Resources */ = {isa = PBXBuildFile; fileRef = 160440F11BB769D000CC7851 /* LaunchScreen.storyboard */; };
/* End PBXBuildFile section */

/* Begin PBXFileReference section */
		160440E51BB769D000CC7851 /* local-notification.app */ = {isa = PBXFileReference; explicitFileType = wrapper.application; includeInIndex = 0; path = "local-notification.app"; sourceTree = BUILT_PRODUCTS_DIR; };
		160440E81BB769D000CC7851 /* AppDelegate.swift */ = {isa = PBXFileReference; lastKnownFileType = sourcecode.swift; path = AppDelegate.swift; sourceTree = "<group>"; };
		160440EA1BB769D000CC7851 /* ViewController.swift */ = {isa = PBXFileReference; lastKnownFileType = sourcecode.swift; path = ViewController.swift; sourceTree = "<group>"; };
		160440ED1BB769D000CC7851 /* Base */ = {isa = PBXFileReference; lastKnownFileType = file.storyboard; name = Base; path = Base.lproj/Main.storyboard; sourceTree = "<group>"; };
		160440EF1BB769D000CC7851 /* Assets.xcassets */ = {isa = PBXFileReference; lastKnownFileType = folder.assetcatalog; path = Assets.xcassets; sourceTree = "<group>"; };
		160440F21BB769D000CC7851 /* Base */ = {isa = PBXFileReference; lastKnownFileType = file.storyboard; name = Base; path = Base.lproj/LaunchScreen.storyboard; sourceTree = "<group>"; };
		160440F41BB769D000CC7851 /* Info.plist */ = {isa = PBXFileReference; lastKnownFileType = text.plist.xml; path = Info.plist; sourceTree = "<group>"; };
/* End PBXFileReference section */

/* Begin PBXFrameworksBuildPhase section */
		160440E21BB769D000CC7851 /* Frameworks */ = {
			isa = PBXFrameworksBuildPhase;
			buildActionMask = 2147483647;
			files = (
			);
			runOnlyForDeploymentPostprocessing = 0;
		};
/* End PBXFrameworksBuildPhase section */

/* Begin PBXGroup section */
		160440DC1BB769D000CC7851 = {
			isa = PBXGroup;
			children = (
				160440E71BB769D000CC7851 /* local-notification */,
				160440E61BB769D000CC7851 /* Products */,
			);
			sourceTree = "<group>";
		};
		160440E61BB769D000CC7851 /* Products */ = {
			isa = PBXGroup;
			children = (
				160440E51BB769D000CC7851 /* local-notification.app */,
			);
			name = Products;
			sourceTree = "<group>";
		};
		160440E71BB769D000CC7851 /* local-notification */ = {
			isa = PBXGroup;
			children = (
				160440E81BB769D000CC7851 /* AppDelegate.swift */,
				160440EA1BB769D000CC7851 /* ViewController.swift */,
				160440EC1BB769D000CC7851 /* Main.storyboard */,
				160440EF1BB769D000CC7851 /* Assets.xcassets */,
				160440F11BB769D000CC7851 /* LaunchScreen.storyboard */,
				160440F41BB769D000CC7851 /* Info.plist */,
			);
			path = "local-notification";
			sourceTree = "<group>";
		};
/* End PBXGroup section */

/* Begin PBXNativeTarget section */
		160440E41BB769D000CC7851 /* local-notification */ = {
			isa = PBXNativeTarget;
			buildConfigurationList = 160440F71BB769D000CC7851 /* Build configuration list for PBXNativeTarget "local-notification" */;
			buildPhases = (
				160440E11BB769D000CC7851 /* Sources */,
				160440E21BB769D000CC7851 /* Frameworks */,
				160440E31BB769D000CC7851 /* Resources */,
			);
			buildRules = (
			);
			dependencies = (
			);
			name = "local-notification";
			productName = "local-notification";
			productReference = 160440E51BB769D000CC7851 /* local-notification.app */;
			productType = "com.apple.product-type.application";
		};
/* End PBXNativeTarget section */

/* Begin PBXProject section */
		160440DD1BB769D000CC7851 /* Project object */ = {
			isa = PBXProject;
			attributes = {
				LastUpgradeCheck = 0700;
				ORGANIZATIONNAME = "Renan Kosicki";
				TargetAttributes = {
					160440E41BB769D000CC7851 = {
						CreatedOnToolsVersion = 7.0;
					};
				};
			};
			buildConfigurationList = 160440E01BB769D000CC7851 /* Build configuration list for PBXProject "local-notification" */;
			compatibilityVersion = "Xcode 3.2";
			developmentRegion = English;
			hasScannedForEncodings = 0;
			knownRegions = (
				en,
				Base,
			);
			mainGroup = 160440DC1BB769D000CC7851;
			productRefGroup = 160440E61BB769D000CC7851 /* Products */;
			projectDirPath = "";
			projectRoot = "";
			targets = (
				160440E41BB769D000CC7851 /* local-notification */,
			);
		};
/* End PBXProject section */

/* Begin PBXResourcesBuildPhase section */
		160440E31BB769D000CC7851 /* Resources */ = {
			isa = PBXResourcesBuildPhase;
			buildActionMask = 2147483647;
			files = (
				160440F31BB769D000CC7851 /* LaunchScreen.storyboard in Resources */,
				160440F01BB769D000CC7851 /* Assets.xcassets in Resources */,
				160440EE1BB769D000CC7851 /* Main.storyboard in Resources */,
			);
			runOnlyForDeploymentPostprocessing = 0;
		};
/* End PBXResourcesBuildPhase section */

/* Begin PBXSourcesBuildPhase section */
		160440E11BB769D000CC7851 /* Sources */ = {
			isa = PBXSourcesBuildPhase;
			buildActionMask = 2147483647;
			files = (
				160440EB1BB769D000CC7851 /* ViewController.swift in Sources */,
				160440E91BB769D000CC7851 /* AppDelegate.swift in Sources */,
			);
			runOnlyForDeploymentPostprocessing = 0;
		};
/* End PBXSourcesBuildPhase section */

/* Begin PBXVariantGroup section */
		160440EC1BB769D000CC7851 /* Main.storyboard */ = {
			isa = PBXVariantGroup;
			children = (
				160440ED1BB769D000CC7851 /* Base */,
			);
			name = Main.storyboard;
			sourceTree = "<group>";
		};
		160440F11BB769D000CC7851 /* LaunchScreen.storyboard */ = {
			isa = PBXVariantGroup;
			children = (
				160440F21BB769D000CC7851 /* Base */,
			);
			name = LaunchScreen.storyboard;
			sourceTree = "<group>";
		};
/* End PBXVariantGroup section */

/* Begin XCBuildConfiguration section */
		160440F51BB769D000CC7851 /* Debug */ = {
			isa = XCBuildConfiguration;
			buildSettings = {
				ALWAYS_SEARCH_USER_PATHS = NO;
				CLANG_CXX_LANGUAGE_STANDARD = "gnu++0x";
				CLANG_CXX_LIBRARY = "libc++";
				CLANG_ENABLE_MODULES = YES;
				CLANG_ENABLE_OBJC_ARC = YES;
				CLANG_WARN_BOOL_CONVERSION = YES;
				CLANG_WARN_CONSTANT_CONVERSION = YES;
				CLANG_WARN_DIRECT_OBJC_ISA_USAGE = YES_ERROR;
				CLANG_WARN_EMPTY_BODY = YES;
				CLANG_WARN_ENUM_CONVERSION = YES;
				CLANG_WARN_INT_CONVERSION = YES;
				CLANG_WARN_OBJC_ROOT_CLASS = YES_ERROR;
				CLANG_WARN_UNREACHABLE_CODE = YES;
				CLANG_WARN__DUPLICATE_METHOD_MATCH = YES;
				"CODE_SIGN_IDENTITY[sdk=iphoneos*]" = "iPhone Developer";
				COPY_PHASE_STRIP = NO;
				DEBUG_INFORMATION_FORMAT = dwarf;
				ENABLE_STRICT_OBJC_MSGSEND = YES;
				ENABLE_TESTABILITY = YES;
				GCC_C_LANGUAGE_STANDARD = gnu99;
				GCC_DYNAMIC_NO_PIC = NO;
				GCC_NO_COMMON_BLOCKS = YES;
				GCC_OPTIMIZATION_LEVEL = 0;
				GCC_PREPROCESSOR_DEFINITIONS = (
					"DEBUG=1",
					"$(inherited)",
				);
				GCC_WARN_64_TO_32_BIT_CONVERSION = YES;
				GCC_WARN_ABOUT_RETURN_TYPE = YES_ERROR;
				GCC_WARN_UNDECLARED_SELECTOR = YES;
				GCC_WARN_UNINITIALIZED_AUTOS = YES_AGGRESSIVE;
				GCC_WARN_UNUSED_FUNCTION = YES;
				GCC_WARN_UNUSED_VARIABLE = YES;
				IPHONEOS_DEPLOYMENT_TARGET = 9.0;
				MTL_ENABLE_DEBUG_INFO = YES;
				ONLY_ACTIVE_ARCH = YES;
				SDKROOT = iphoneos;
				SWIFT_OPTIMIZATION_LEVEL = "-Onone";
			};
			name = Debug;
		};
		160440F61BB769D000CC7851 /* Release */ = {
			isa = XCBuildConfiguration;
			buildSettings = {
				ALWAYS_SEARCH_USER_PATHS = NO;
				CLANG_CXX_LANGUAGE_STANDARD = "gnu++0x";
				CLANG_CXX_LIBRARY = "libc++";
				CLANG_ENABLE_MODULES = YES;
				CLANG_ENABLE_OBJC_ARC = YES;
				CLANG_WARN_BOOL_CONVERSION = YES;
				CLANG_WARN_CONSTANT_CONVERSION = YES;
				CLANG_WARN_DIRECT_OBJC_ISA_USAGE = YES_ERROR;
				CLANG_WARN_EMPTY_BODY = YES;
				CLANG_WARN_ENUM_CONVERSION = YES;
				CLANG_WARN_INT_CONVERSION = YES;
				CLANG_WARN_OBJC_ROOT_CLASS = YES_ERROR;
				CLANG_WARN_UNREACHABLE_CODE = YES;
				CLANG_WARN__DUPLICATE_METHOD_MATCH = YES;
				"CODE_SIGN_IDENTITY[sdk=iphoneos*]" = "iPhone Developer";
				COPY_PHASE_STRIP = NO;
				DEBUG_INFORMATION_FORMAT = "dwarf-with-dsym";
				ENABLE_NS_ASSERTIONS = NO;
				ENABLE_STRICT_OBJC_MSGSEND = YES;
				GCC_C_LANGUAGE_STANDARD = gnu99;
				GCC_NO_COMMON_BLOCKS = YES;
				GCC_WARN_64_TO_32_BIT_CONVERSION = YES;
				GCC_WARN_ABOUT_RETURN_TYPE = YES_ERROR;
				GCC_WARN_UNDECLARED_SELECTOR = YES;
				GCC_WARN_UNINITIALIZED_AUTOS = YES_AGGRESSIVE;
				GCC_WARN_UNUSED_FUNCTION = YES;
				GCC_WARN_UNUSED_VARIABLE = YES;
				IPHONEOS_DEPLOYMENT_TARGET = 9.0;
				MTL_ENABLE_DEBUG_INFO = NO;
				SDKROOT = iphoneos;
				VALIDATE_PRODUCT = YES;
			};
			name = Release;
		};
		160440F81BB769D000CC7851 /* Debug */ = {
			isa = XCBuildConfiguration;
			buildSettings = {
				ASSETCATALOG_COMPILER_APPICON_NAME = AppIcon;
				INFOPLIST_FILE = "local-notification/Info.plist";
				LD_RUNPATH_SEARCH_PATHS = "$(inherited) @executable_path/Frameworks";
				PRODUCT_BUNDLE_IDENTIFIER = "br.com.kmobi.local-notification";
				PRODUCT_NAME = "$(TARGET_NAME)";
			};
			name = Debug;
		};
		160440F91BB769D000CC7851 /* Release */ = {
			isa = XCBuildConfiguration;
			buildSettings = {
				ASSETCATALOG_COMPILER_APPICON_NAME = AppIcon;
				INFOPLIST_FILE = "local-notification/Info.plist";
				LD_RUNPATH_SEARCH_PATHS = "$(inherited) @executable_path/Frameworks";
				PRODUCT_BUNDLE_IDENTIFIER = "br.com.kmobi.local-notification";
				PRODUCT_NAME = "$(TARGET_NAME)";
			};
			name = Release;
		};
/* End XCBuildConfiguration section */

/* Begin XCConfigurationList section */
		160440E01BB769D000CC7851 /* Build configuration list for PBXProject "local-notification" */ = {
			isa = XCConfigurationList;
			buildConfigurations = (
				160440F51BB769D000CC7851 /* Debug */,
				160440F61BB769D000CC7851 /* Release */,
			);
			defaultConfigurationIsVisible = 0;
			defaultConfigurationName = Release;
		};
		160440F71BB769D000CC7851 /* Build configuration list for PBXNativeTarget "local-notification" */ = {
			isa = XCConfigurationList;
			buildConfigurations = (
				160440F81BB769D000CC7851 /* Debug */,
				160440F91BB769D000CC7851 /* Release */,
			);
			defaultConfigurationIsVisible = 0;
		};
/* End XCConfigurationList section */
	};
	rootObject = 160440DD1BB769D000CC7851 /* Project object */;
}
